
Microsoft Visual Studio Solution File, Format Version 12.00
# Visual Studio Version 17
VisualStudioVersion = 17.2.32519.379
MinimumVisualStudioVersion = 10.0.40219.1
Project("{2150E333-8FDC-42A3-9474-1A3956D46DE8}") = "src", "src", "{4E3FF841-648B-417A-AAB0-421650E66262}"
EndProject
Project("{2150E333-8FDC-42A3-9474-1A3956D46DE8}") = "test", "test", "{93734818-24BC-465F-8893-B6CEB672ECFC}"
EndProject
Project("{2150E333-8FDC-42A3-9474-1A3956D46DE8}") = "API", "API", "{4DEB8491-E6E2-4C37-95E7-4950783D8891}"
EndProject
Project("{2150E333-8FDC-42A3-9474-1A3956D46DE8}") = "Core", "Core", "{BE306D47-BFA0-47D8-B17B-CA0284013D61}"
EndProject
Project("{2150E333-8FDC-42A3-9474-1A3956D46DE8}") = "Infrastructure", "Infrastructure", "{5F0DF3C2-51FC-4C1D-99F4-CDCE94C8D247}"
EndProject
Project("{2150E333-8FDC-42A3-9474-1A3956D46DE8}") = "UI", "UI", "{B7B37578-EF41-45C3-8836-200E5CDB6E02}"
EndProject
Project("{FAE04EC0-301F-11D3-BF4B-00C04F79EFBC}") = "Matrix42SimpleBlogProject.Domain", "Matrix42SimpleBlogProject.Domain\Matrix42SimpleBlogProject.Domain.csproj", "{0408DE94-D7D0-4645-BFC2-8B42F9763603}"
EndProject
Global
	GlobalSection(SolutionConfigurationPlatforms) = preSolution
		Debug|Any CPU = Debug|Any CPU
		Release|Any CPU = Release|Any CPU
	EndGlobalSection
	GlobalSection(ProjectConfigurationPlatforms) = postSolution
		{0408DE94-D7D0-4645-BFC2-8B42F9763603}.Debug|Any CPU.ActiveCfg = Debug|Any CPU
		{0408DE94-D7D0-4645-BFC2-8B42F9763603}.Debug|Any CPU.Build.0 = Debug|Any CPU
		{0408DE94-D7D0-4645-BFC2-8B42F9763603}.Release|Any CPU.ActiveCfg = Release|Any CPU
		{0408DE94-D7D0-4645-BFC2-8B42F9763603}.Release|Any CPU.Build.0 = Release|Any CPU
	EndGlobalSection
	GlobalSection(SolutionProperties) = preSolution
		HideSolutionNode = FALSE
	EndGlobalSection
	GlobalSection(NestedProjects) = preSolution
		{4DEB8491-E6E2-4C37-95E7-4950783D8891} = {4E3FF841-648B-417A-AAB0-421650E66262}
		{BE306D47-BFA0-47D8-B17B-CA0284013D61} = {4E3FF841-648B-417A-AAB0-421650E66262}
		{5F0DF3C2-51FC-4C1D-99F4-CDCE94C8D247} = {4E3FF841-648B-417A-AAB0-421650E66262}
		{B7B37578-EF41-45C3-8836-200E5CDB6E02} = {4E3FF841-648B-417A-AAB0-421650E66262}
		{0408DE94-D7D0-4645-BFC2-8B42F9763603} = {BE306D47-BFA0-47D8-B17B-CA0284013D61}
	EndGlobalSection
	GlobalSection(ExtensibilityGlobals) = postSolution
		SolutionGuid = {A0A640BB-E1C7-497B-922A-454FA57BE537}
	EndGlobalSection
EndGlobal
